github.com/gorilla/mux v1.8.0 h1:i40aqfkR1h2SlN9hojwV5ZA91wcXFOvkdNIeFDP5koI=
github.com/gorilla/mux v1.8.0/go.mod h1:DVbg23sWSpFRCP0SfiEN6jmj59UnW/n46BH5rLB71So=
github.com/navaz-alani/dotenv v0.1.0 h1:sDLzNEaELx5n1lD9QGTKoYbCchrluS87Bk8GND8bvDc=
github.com/navaz-alani/dotenv v0.1.0/go.mod h1:j04SU9SaOs4Uhj1G7i1na1q0LPXSN5xg6zho1OwkfRU=
github.com/sendgrid/rest v1.0.2 h1:xdfALkR1m9eqf41/zEnUmV0fw4b31ZzGZ4Dj5f2/w04=
github.com/sendgrid/rest v2.6.2+incompatible h1:zGMNhccsPkIc8SvU9x+qdDz2qhFoGUPGGC4mMvTondA=
github.com/sendgrid/rest v2.6.2+incompatible/go.mod h1:kXX7q3jZtJXK5c5qK83bSGMdV6tsOE70KbHoqJls4lE=
github.com/sendgrid/sendgrid-go v1.2.0 h1:2K3teZdhaPe12ftFyFL4AWDH4QmNPc+sCi6mWFx5+oo=
github.com/sendgrid/sendgrid-go v3.7.2+incompatible h1:ePQr9ns8so+28whk+gLKRYiyI5IiCESkDIqy7cjiwLg=
github.com/sendgrid/sendgrid-go v3.7.2+incompatible/go.mod h1:QRQt+LX/NmgVEvmdRw0VT/QgUn499+iza2FnDca9fg8=
